// !$*UTF8*$!
{
	archiveVersion = 1;
	classes = {
	};
	objectVersion = 77;
	objects = {

/* Begin PBXBuildFile section */
		4F0E15DD2EF865B500A2341F /* BigInt in Frameworks */ = {isa = PBXBuildFile; productRef = 4F0E15DC2EF865B500A2341F /* BigInt */; };
		4F0E15E82EF86D1B00A2341F /* Clibsodium in Frameworks */ = {isa = PBXBuildFile; productRef = 4F0E15E72EF86D1B00A2341F /* Clibsodium */; };
		4F0E15EA2EF86D1B00A2341F /* Sodium in Frameworks */ = {isa = PBXBuildFile; productRef = 4F0E15E92EF86D1B00A2341F /* Sodium */; };
		4F5204902F23EA2400762196 /* BigInt in Frameworks */ = {isa = PBXBuildFile; productRef = 4F5204892F23EA2400762196 /* BigInt */; };
		4F5204912F23EA2400762196 /* FirebaseCore in Frameworks */ = {isa = PBXBuildFile; productRef = 4F5204832F23EA2400762196 /* FirebaseCore */; };
		4F5204922F23EA2400762196 /* FirebaseAuth in Frameworks */ = {isa = PBXBuildFile; productRef = 4F5204852F23EA2400762196 /* FirebaseAuth */; };
		4F5204932F23EA2400762196 /* GoogleSignIn in Frameworks */ = {isa = PBXBuildFile; productRef = 4F5204862F23EA2400762196 /* GoogleSignIn */; };
		4F5204942F23EA2400762196 /* Sodium in Frameworks */ = {isa = PBXBuildFile; productRef = 4F52048D2F23EA2400762196 /* Sodium */; };
		4F5204952F23EA2400762196 /* GoogleSignInSwift in Frameworks */ = {isa = PBXBuildFile; productRef = 4F5204882F23EA2400762196 /* GoogleSignInSwift */; };
		4F5204962F23EA2400762196 /* Clibsodium in Frameworks */ = {isa = PBXBuildFile; productRef = 4F52048B2F23EA2400762196 /* Clibsodium */; };
		4F898B9D2EC4F9510025BA27 /* FirebaseCore in Frameworks */ = {isa = PBXBuildFile; productRef = 4F898B9C2EC4F9510025BA27 /* FirebaseCore */; };
		4F898B9F2EC4F9600025BA27 /* FirebaseAuth in Frameworks */ = {isa = PBXBuildFile; productRef = 4F898B9E2EC4F9600025BA27 /* FirebaseAuth */; };
		4F898BA42EC517F10025BA27 /* GoogleSignIn in Frameworks */ = {isa = PBXBuildFile; productRef = 4F898BA32EC517F10025BA27 /* GoogleSignIn */; };
		4F898BA62EC517F80025BA27 /* GoogleSignInSwift in Frameworks */ = {isa = PBXBuildFile; productRef = 4F898BA52EC517F80025BA27 /* GoogleSignInSwift */; };
/* End PBXBuildFile section */

/* Begin PBXContainerItemProxy section */
		4F4C189C2E6B3D160043DD49 /* PBXContainerItemProxy */ = {
			isa = PBXContainerItemProxy;
			containerPortal = 4F4C18862E6B3D150043DD49 /* Project object */;
			proxyType = 1;
			remoteGlobalIDString = 4F4C188D2E6B3D150043DD49;
			remoteInfo = "looped-iOS";
		};
		4F4C18A62E6B3D160043DD49 /* PBXContainerItemProxy */ = {
			isa = PBXContainerItemProxy;
			containerPortal = 4F4C18862E6B3D150043DD49 /* Project object */;
			proxyType = 1;
			remoteGlobalIDString = 4F4C188D2E6B3D150043DD49;
			remoteInfo = "looped-iOS";
		};
/* End PBXContainerItemProxy section */

/* Begin PBXCopyFilesBuildPhase section */
		4F2C1D352F266C33008AEA65 /* Embed Foundation Extensions */ = {
			isa = PBXCopyFilesBuildPhase;
			buildActionMask = 2147483647;
			dstPath = "";
			dstSubfolderSpec = 13;
			files = (
			);
			name = "Embed Foundation Extensions";
			runOnlyForDeploymentPostprocessing = 0;
		};
/* End PBXCopyFilesBuildPhase section */

/* Begin PBXFileReference section */
		4F4C188E2E6B3D150043DD49 /* looped-iOS.app */ = {isa = PBXFileReference; explicitFileType = wrapper.application; includeInIndex = 0; path = "looped-iOS.app"; sourceTree = BUILT_PRODUCTS_DIR; };
		4F4C189B2E6B3D160043DD49 /* looped-iOSTests.xctest */ = {isa = PBXFileReference; explicitFileType = wrapper.cfbundle; includeInIndex = 0; path = "looped-iOSTests.xctest"; sourceTree = BUILT_PRODUCTS_DIR; };
		4F4C18A52E6B3D160043DD49 /* looped-iOSUITests.xctest */ = {isa = PBXFileReference; explicitFileType = wrapper.cfbundle; includeInIndex = 0; path = "looped-iOSUITests.xctest"; sourceTree = BUILT_PRODUCTS_DIR; };
		4F52049B2F23EA2400762196 /* looped-iOS Staging.app */ = {isa = PBXFileReference; explicitFileType = wrapper.application; includeInIndex = 0; path = "looped-iOS Staging.app"; sourceTree = BUILT_PRODUCTS_DIR; };
/* End PBXFileReference section */

/* Begin PBXFileSystemSynchronizedBuildFileExceptionSet section */
		4F52049C2F23EA2500762196 /* Exceptions for "looped-iOS" folder in "looped-iOS Staging" target */ = {
			isa = PBXFileSystemSynchronizedBuildFileExceptionSet;
			membershipExceptions = (
				"GoogleService-Info.plist",
				Info.plist,
			);
			target = 4F5204822F23EA2400762196 /* looped-iOS Staging */;
		};
		4FA4E87C2E70969C0031D937 /* Exceptions for "looped-iOS" folder in "looped-iOS" target */ = {
			isa = PBXFileSystemSynchronizedBuildFileExceptionSet;
			membershipExceptions = (
				Info.plist,
				"Staging/GoogleService-Info.plist",
			);
			target = 4F4C188D2E6B3D150043DD49 /* looped-iOS */;
		};
/* End PBXFileSystemSynchronizedBuildFileExceptionSet section */

/* Begin PBXFileSystemSynchronizedRootGroup section */
		4F4C18902E6B3D150043DD49 /* looped-iOS */ = {
			isa = PBXFileSystemSynchronizedRootGroup;
			exceptions = (
				4FA4E87C2E70969C0031D937 /* Exceptions for "looped-iOS" folder in "looped-iOS" target */,
				4F52049C2F23EA2500762196 /* Exceptions for "looped-iOS" folder in "looped-iOS Staging" target */,
			);
			path = "looped-iOS";
			sourceTree = "<group>";
		};
		4F4C189E2E6B3D160043DD49 /* looped-iOSTests */ = {
			isa = PBXFileSystemSynchronizedRootGroup;
			path = "looped-iOSTests";
			sourceTree = "<group>";
		};
		4F4C18A82E6B3D160043DD49 /* looped-iOSUITests */ = {
			isa = PBXFileSystemSynchronizedRootGroup;
			path = "looped-iOSUITests";
			sourceTree = "<group>";
		};
/* End PBXFileSystemSynchronizedRootGroup section */

/* Begin PBXFrameworksBuildPhase section */
		4F4C188B2E6B3D150043DD49 /* Frameworks */ = {
			isa = PBXFrameworksBuildPhase;
			buildActionMask = 2147483647;
			files = (
				4F0E15DD2EF865B500A2341F /* BigInt in Frameworks */,
				4F898B9D2EC4F9510025BA27 /* FirebaseCore in Frameworks */,
				4F898B9F2EC4F9600025BA27 /* FirebaseAuth in Frameworks */,
				4F898BA42EC517F10025BA27 /* GoogleSignIn in Frameworks */,
				4F0E15EA2EF86D1B00A2341F /* Sodium in Frameworks */,
				4F898BA62EC517F80025BA27 /* GoogleSignInSwift in Frameworks */,
				4F0E15E82EF86D1B00A2341F /* Clibsodium in Frameworks */,
			);
			runOnlyForDeploymentPostprocessing = 0;
		};
		4F4C18982E6B3D160043DD49 /* Frameworks */ = {
			isa = PBXFrameworksBuildPhase;
			buildActionMask = 2147483647;
			files = (
			);
			runOnlyForDeploymentPostprocessing = 0;
		};
		4F4C18A22E6B3D160043DD49 /* Frameworks */ = {
			isa = PBXFrameworksBuildPhase;
			buildActionMask = 2147483647;
			files = (
			);
			runOnlyForDeploymentPostprocessing = 0;
		};
		4F52048F2F23EA2400762196 /* Frameworks */ = {
			isa = PBXFrameworksBuildPhase;
			buildActionMask = 2147483647;
			files = (
				4F5204902F23EA2400762196 /* BigInt in Frameworks */,
				4F5204912F23EA2400762196 /* FirebaseCore in Frameworks */,
				4F5204922F23EA2400762196 /* FirebaseAuth in Frameworks */,
				4F5204932F23EA2400762196 /* GoogleSignIn in Frameworks */,
				4F5204942F23EA2400762196 /* Sodium in Frameworks */,
				4F5204952F23EA2400762196 /* GoogleSignInSwift in Frameworks */,
				4F5204962F23EA2400762196 /* Clibsodium in Frameworks */,
			);
			runOnlyForDeploymentPostprocessing = 0;
		};
/* End PBXFrameworksBuildPhase section */

/* Begin PBXGroup section */
		4F4C18852E6B3D150043DD49 = {
			isa = PBXGroup;
			children = (
				4F4C18902E6B3D150043DD49 /* looped-iOS */,
				4F4C189E2E6B3D160043DD49 /* looped-iOSTests */,
				4F4C18A82E6B3D160043DD49 /* looped-iOSUITests */,
				4F4C188F2E6B3D150043DD49 /* Products */,
			);
			sourceTree = "<group>";
		};
		4F4C188F2E6B3D150043DD49 /* Products */ = {
			isa = PBXGroup;
			children = (
				4F4C188E2E6B3D150043DD49 /* looped-iOS.app */,
				4F4C189B2E6B3D160043DD49 /* looped-iOSTests.xctest */,
				4F4C18A52E6B3D160043DD49 /* looped-iOSUITests.xctest */,
				4F52049B2F23EA2400762196 /* looped-iOS Staging.app */,
			);
			name = Products;
			sourceTree = "<group>";
		};
/* End PBXGroup section */

/* Begin PBXNativeTarget section */
		4F4C188D2E6B3D150043DD49 /* looped-iOS */ = {
			isa = PBXNativeTarget;
			buildConfigurationList = 4F4C18AF2E6B3D160043DD49 /* Build configuration list for PBXNativeTarget "looped-iOS" */;
			buildPhases = (
				4F4C188A2E6B3D150043DD49 /* Sources */,
				4F4C188B2E6B3D150043DD49 /* Frameworks */,
				4F4C188C2E6B3D150043DD49 /* Resources */,
				4F2C1D352F266C33008AEA65 /* Embed Foundation Extensions */,
			);
			buildRules = (
			);
			dependencies = (
			);
			fileSystemSynchronizedGroups = (
				4F4C18902E6B3D150043DD49 /* looped-iOS */,
			);
			name = "looped-iOS";
			packageProductDependencies = (
				4F898B9C2EC4F9510025BA27 /* FirebaseCore */,
				4F898B9E2EC4F9600025BA27 /* FirebaseAuth */,
				4F898BA32EC517F10025BA27 /* GoogleSignIn */,
				4F898BA52EC517F80025BA27 /* GoogleSignInSwift */,
				4F0E15DC2EF865B500A2341F /* BigInt */,
				4F0E15E72EF86D1B00A2341F /* Clibsodium */,
				4F0E15E92EF86D1B00A2341F /* Sodium */,
			);
			productName = "looped-iOS";
			productReference = 4F4C188E2E6B3D150043DD49 /* looped-iOS.app */;
			productType = "com.apple.product-type.application";
		};
		4F4C189A2E6B3D160043DD49 /* looped-iOSTests */ = {
			isa = PBXNativeTarget;
			buildConfigurationList = 4F4C18B22E6B3D160043DD49 /* Build configuration list for PBXNativeTarget "looped-iOSTests" */;
			buildPhases = (
				4F4C18972E6B3D160043DD49 /* Sources */,
				4F4C18982E6B3D160043DD49 /* Frameworks */,
				4F4C18992E6B3D160043DD49 /* Resources */,
			);
			buildRules = (
			);
			dependencies = (
				4F4C189D2E6B3D160043DD49 /* PBXTargetDependency */,
			);
			fileSystemSynchronizedGroups = (
				4F4C189E2E6B3D160043DD49 /* looped-iOSTests */,
			);
			name = "looped-iOSTests";
			packageProductDependencies = (
			);
			productName = "looped-iOSTests";
			productReference = 4F4C189B2E6B3D160043DD49 /* looped-iOSTests.xctest */;
			productType = "com.apple.product-type.bundle.unit-test";
		};
		4F4C18A42E6B3D160043DD49 /* looped-iOSUITests */ = {
			isa = PBXNativeTarget;
			buildConfigurationList = 4F4C18B52E6B3D160043DD49 /* Build configuration list for PBXNativeTarget "looped-iOSUITests" */;
			buildPhases = (
				4F4C18A12E6B3D160043DD49 /* Sources */,
				4F4C18A22E6B3D160043DD49 /* Frameworks */,
				4F4C18A32E6B3D160043DD49 /* Resources */,
			);
			buildRules = (
			);
			dependencies = (
				4F4C18A72E6B3D160043DD49 /* PBXTargetDependency */,
			);
			fileSystemSynchronizedGroups = (
				4F4C18A82E6B3D160043DD49 /* looped-iOSUITests */,
			);
			name = "looped-iOSUITests";
			packageProductDependencies = (
			);
			productName = "looped-iOSUITests";
			productReference = 4F4C18A52E6B3D160043DD49 /* looped-iOSUITests.xctest */;
			productType = "com.apple.product-type.bundle.ui-testing";
		};
		4F5204822F23EA2400762196 /* looped-iOS Staging */ = {
			isa = PBXNativeTarget;
			buildConfigurationList = 4F5204982F23EA2400762196 /* Build configuration list for PBXNativeTarget "looped-iOS Staging" */;
			buildPhases = (
				4F52048E2F23EA2400762196 /* Sources */,
				4F52048F2F23EA2400762196 /* Frameworks */,
				4F5204972F23EA2400762196 /* Resources */,
			);
			buildRules = (
			);
			dependencies = (
			);
			fileSystemSynchronizedGroups = (
				4F4C18902E6B3D150043DD49 /* looped-iOS */,
			);
			name = "looped-iOS Staging";
			packageProductDependencies = (
				4F5204832F23EA2400762196 /* FirebaseCore */,
				4F5204852F23EA2400762196 /* FirebaseAuth */,
				4F5204862F23EA2400762196 /* GoogleSignIn */,
				4F5204882F23EA2400762196 /* GoogleSignInSwift */,
				4F5204892F23EA2400762196 /* BigInt */,
				4F52048B2F23EA2400762196 /* Clibsodium */,
				4F52048D2F23EA2400762196 /* Sodium */,
			);
			productName = "looped-iOS";
			productReference = 4F52049B2F23EA2400762196 /* looped-iOS Staging.app */;
			productType = "com.apple.product-type.application";
		};
/* End PBXNativeTarget section */

/* Begin PBXProject section */
		4F4C18862E6B3D150043DD49 /* Project object */ = {
			isa = PBXProject;
			attributes = {
				BuildIndependentTargetsInParallel = 1;
				LastSwiftUpdateCheck = 2620;
				LastUpgradeCheck = 1640;
				TargetAttributes = {
					4F4C188D2E6B3D150043DD49 = {
						CreatedOnToolsVersion = 16.4;
					};
					4F4C189A2E6B3D160043DD49 = {
						CreatedOnToolsVersion = 16.4;
						TestTargetID = 4F4C188D2E6B3D150043DD49;
					};
					4F4C18A42E6B3D160043DD49 = {
						CreatedOnToolsVersion = 16.4;
						TestTargetID = 4F4C188D2E6B3D150043DD49;
					};
				};
			};
			buildConfigurationList = 4F4C18892E6B3D150043DD49 /* Build configuration list for PBXProject "looped-iOS" */;
			developmentRegion = en;
			hasScannedForEncodings = 0;
			knownRegions = (
				en,
				Base,
			);
			mainGroup = 4F4C18852E6B3D150043DD49;
			minimizedProjectReferenceProxies = 1;
			packageReferences = (
				4FC0E56E2EB828810057CEA6 /* XCRemoteSwiftPackageReference "firebase-ios-sdk" */,
				4F898BA22EC517C50025BA27 /* XCRemoteSwiftPackageReference "GoogleSignIn-iOS" */,
				4F0E15DB2EF8650300A2341F /* XCRemoteSwiftPackageReference "BigInt" */,
				4F0E15E62EF86C8F00A2341F /* XCRemoteSwiftPackageReference "swift-sodium" */,
			);
			preferredProjectObjectVersion = 77;
			productRefGroup = 4F4C188F2E6B3D150043DD49 /* Products */;
			projectDirPath = "";
			projectRoot = "";
			targets = (
				4F4C188D2E6B3D150043DD49 /* looped-iOS */,
				4F4C189A2E6B3D160043DD49 /* looped-iOSTests */,
				4F4C18A42E6B3D160043DD49 /* looped-iOSUITests */,
				4F5204822F23EA2400762196 /* looped-iOS Staging */,
			);
		};
/* End PBXProject section */

/* Begin PBXResourcesBuildPhase section */
		4F4C188C2E6B3D150043DD49 /* Resources */ = {
			isa = PBXResourcesBuildPhase;
			buildActionMask = 2147483647;
			files = (
			);
			runOnlyForDeploymentPostprocessing = 0;
		};
		4F4C18992E6B3D160043DD49 /* Resources */ = {
			isa = PBXResourcesBuildPhase;
			buildActionMask = 2147483647;
			files = (
			);
			runOnlyForDeploymentPostprocessing = 0;
		};
		4F4C18A32E6B3D160043DD49 /* Resources */ = {
			isa = PBXResourcesBuildPhase;
			buildActionMask = 2147483647;
			files = (
			);
			runOnlyForDeploymentPostprocessing = 0;
		};
		4F5204972F23EA2400762196 /* Resources */ = {
			isa = PBXResourcesBuildPhase;
			buildActionMask = 2147483647;
			files = (
			);
			runOnlyForDeploymentPostprocessing = 0;
		};
/* End PBXResourcesBuildPhase section */

/* Begin PBXSourcesBuildPhase section */
		4F4C188A2E6B3D150043DD49 /* Sources */ = {
			isa = PBXSourcesBuildPhase;
			buildActionMask = 2147483647;
			files = (
			);
			runOnlyForDeploymentPostprocessing = 0;
		};
		4F4C18972E6B3D160043DD49 /* Sources */ = {
			isa = PBXSourcesBuildPhase;
			buildActionMask = 2147483647;
			files = (
			);
			runOnlyForDeploymentPostprocessing = 0;
		};
		4F4C18A12E6B3D160043DD49 /* Sources */ = {
			isa = PBXSourcesBuildPhase;
			buildActionMask = 2147483647;
			files = (
			);
			runOnlyForDeploymentPostprocessing = 0;
		};
		4F52048E2F23EA2400762196 /* Sources */ = {
			isa = PBXSourcesBuildPhase;
			buildActionMask = 2147483647;
			files = (
			);
			runOnlyForDeploymentPostprocessing = 0;
		};
/* End PBXSourcesBuildPhase section */

/* Begin PBXTargetDependency section */
		4F4C189D2E6B3D160043DD49 /* PBXTargetDependency */ = {
			isa = PBXTargetDependency;
			target = 4F4C188D2E6B3D150043DD49 /* looped-iOS */;
			targetProxy = 4F4C189C2E6B3D160043DD49 /* PBXContainerItemProxy */;
		};
		4F4C18A72E6B3D160043DD49 /* PBXTargetDependency */ = {
			isa = PBXTargetDependency;
			target = 4F4C188D2E6B3D150043DD49 /* looped-iOS */;
			targetProxy = 4F4C18A62E6B3D160043DD49 /* PBXContainerItemProxy */;
		};
/* End PBXTargetDependency section */

/* Begin XCBuildConfiguration section */
		4F4C18AD2E6B3D160043DD49 /* Debug */ = {
			isa = XCBuildConfiguration;
			buildSettings = {
				ALWAYS_SEARCH_USER_PATHS = NO;
				ASSETCATALOG_COMPILER_ALTERNATE_APPICON_NAMES = AppIconAlt;
				ASSETCATALOG_COMPILER_APPICON_NAME = AppIcon;
				ASSETCATALOG_COMPILER_GENERATE_SWIFT_ASSET_SYMBOL_EXTENSIONS = NO;
				ASSETCATALOG_COMPILER_INCLUDE_ALL_APPICON_ASSETS = YES;
				CLANG_ANALYZER_NONNULL = YES;
				CLANG_ANALYZER_NUMBER_OBJECT_CONVERSION = YES_AGGRESSIVE;
				CLANG_CXX_LANGUAGE_STANDARD = "gnu++20";
				CLANG_ENABLE_MODULES = YES;
				CLANG_ENABLE_OBJC_ARC = YES;
				CLANG_ENABLE_OBJC_WEAK = YES;
				CLANG_WARN_BLOCK_CAPTURE_AUTORELEASING = YES;
				CLANG_WARN_BOOL_CONVERSION = YES;
				CLANG_WARN_COMMA = YES;
				CLANG_WARN_CONSTANT_CONVERSION = YES;
				CLANG_WARN_DEPRECATED_OBJC_IMPLEMENTATIONS = YES;
				CLANG_WARN_DIRECT_OBJC_ISA_USAGE = YES_ERROR;
				CLANG_WARN_DOCUMENTATION_COMMENTS = YES;
				CLANG_WARN_EMPTY_BODY = YES;
				CLANG_WARN_ENUM_CONVERSION = YES;
				CLANG_WARN_INFINITE_RECURSION = YES;
				CLANG_WARN_INT_CONVERSION = YES;
				CLANG_WARN_NON_LITERAL_NULL_CONVERSION = YES;
				CLANG_WARN_OBJC_IMPLICIT_RETAIN_SELF = YES;
				CLANG_WARN_OBJC_LITERAL_CONVERSION = YES;
				CLANG_WARN_OBJC_ROOT_CLASS = YES_ERROR;
				CLANG_WARN_QUOTED_INCLUDE_IN_FRAMEWORK_HEADER = YES;
				CLANG_WARN_RANGE_LOOP_ANALYSIS = YES;
				CLANG_WARN_STRICT_PROTOTYPES = YES;
				CLANG_WARN_SUSPICIOUS_MOVE = YES;
				CLANG_WARN_UNGUARDED_AVAILABILITY = YES_AGGRESSIVE;
				CLANG_WARN_UNREACHABLE_CODE = YES;
				CLANG_WARN__DUPLICATE_METHOD_MATCH = YES;
				COPY_PHASE_STRIP = NO;
				DEBUG_INFORMATION_FORMAT = dwarf;
				ENABLE_STRICT_OBJC_MSGSEND = YES;
				ENABLE_TESTABILITY = YES;
				ENABLE_USER_SCRIPT_SANDBOXING = YES;
				GCC_C_LANGUAGE_STANDARD = gnu17;
				GCC_DYNAMIC_NO_PIC = NO;
				GCC_NO_COMMON_BLOCKS = YES;
				GCC_OPTIMIZATION_LEVEL = 0;
				GCC_PREPROCESSOR_DEFINITIONS = (
					"DEBUG=1",
					"$(inherited)",
				);
				GCC_WARN_64_TO_32_BIT_CONVERSION = YES;
				GCC_WARN_ABOUT_RETURN_TYPE = YES_ERROR;
				GCC_WARN_UNDECLARED_SELECTOR = YES;
				GCC_WARN_UNINITIALIZED_AUTOS = YES_AGGRESSIVE;
				GCC_WARN_UNUSED_FUNCTION = YES;
				GCC_WARN_UNUSED_VARIABLE = YES;
				IPHONEOS_DEPLOYMENT_TARGET = 18.5;
				LOCALIZATION_PREFERS_STRING_CATALOGS = YES;
				MTL_ENABLE_DEBUG_INFO = INCLUDE_SOURCE;
				MTL_FAST_MATH = YES;
				ONLY_ACTIVE_ARCH = YES;
				SDKROOT = iphoneos;
				SWIFT_ACTIVE_COMPILATION_CONDITIONS = "DEBUG $(inherited)";
				SWIFT_OPTIMIZATION_LEVEL = "-Onone";
			};
			name = Debug;
		};
		4F4C18AE2E6B3D160043DD49 /* Release */ = {
			isa = XCBuildConfiguration;
			buildSettings = {
				ALWAYS_SEARCH_USER_PATHS = NO;
				ASSETCATALOG_COMPILER_ALTERNATE_APPICON_NAMES = AppIconAlt;
				"ASSETCATALOG_COMPILER_ALTERNATE_APPICON_NAMES[sdk=*]" = AppIconAlt;
				ASSETCATALOG_COMPILER_APPICON_NAME = AppIcon;
				ASSETCATALOG_COMPILER_GENERATE_SWIFT_ASSET_SYMBOL_EXTENSIONS = NO;
				ASSETCATALOG_COMPILER_INCLUDE_ALL_APPICON_ASSETS = YES;
				CLANG_ANALYZER_NONNULL = YES;
				CLANG_ANALYZER_NUMBER_OBJECT_CONVERSION = YES_AGGRESSIVE;
				CLANG_CXX_LANGUAGE_STANDARD = "gnu++20";
				CLANG_ENABLE_MODULES = YES;
				CLANG_ENABLE_OBJC_ARC = YES;
				CLANG_ENABLE_OBJC_WEAK = YES;
				CLANG_WARN_BLOCK_CAPTURE_AUTORELEASING = YES;
				CLANG_WARN_BOOL_CONVERSION = YES;
				CLANG_WARN_COMMA = YES;
				CLANG_WARN_CONSTANT_CONVERSION = YES;
				CLANG_WARN_DEPRECATED_OBJC_IMPLEMENTATIONS = YES;
				CLANG_WARN_DIRECT_OBJC_ISA_USAGE = YES_ERROR;
				CLANG_WARN_DOCUMENTATION_COMMENTS = YES;
				CLANG_WARN_EMPTY_BODY = YES;
				CLANG_WARN_ENUM_CONVERSION = YES;
				CLANG_WARN_INFINITE_RECURSION = YES;
				CLANG_WARN_INT_CONVERSION = YES;
				CLANG_WARN_NON_LITERAL_NULL_CONVERSION = YES;
				CLANG_WARN_OBJC_IMPLICIT_RETAIN_SELF = YES;
				CLANG_WARN_OBJC_LITERAL_CONVERSION = YES;
				CLANG_WARN_OBJC_ROOT_CLASS = YES_ERROR;
				CLANG_WARN_QUOTED_INCLUDE_IN_FRAMEWORK_HEADER = YES;
				CLANG_WARN_RANGE_LOOP_ANALYSIS = YES;
				CLANG_WARN_STRICT_PROTOTYPES = YES;
				CLANG_WARN_SUSPICIOUS_MOVE = YES;
				CLANG_WARN_UNGUARDED_AVAILABILITY = YES_AGGRESSIVE;
				CLANG_WARN_UNREACHABLE_CODE = YES;
				CLANG_WARN__DUPLICATE_METHOD_MATCH = YES;
				COPY_PHASE_STRIP = NO;
				DEBUG_INFORMATION_FORMAT = "dwarf-with-dsym";
				ENABLE_NS_ASSERTIONS = NO;
				ENABLE_STRICT_OBJC_MSGSEND = YES;
				ENABLE_USER_SCRIPT_SANDBOXING = YES;
				GCC_C_LANGUAGE_STANDARD = gnu17;
				GCC_NO_COMMON_BLOCKS = YES;
				GCC_WARN_64_TO_32_BIT_CONVERSION = YES;
				GCC_WARN_ABOUT_RETURN_TYPE = YES_ERROR;
				GCC_WARN_UNDECLARED_SELECTOR = YES;
				GCC_WARN_UNINITIALIZED_AUTOS = YES_AGGRESSIVE;
				GCC_WARN_UNUSED_FUNCTION = YES;
				GCC_WARN_UNUSED_VARIABLE = YES;
				IPHONEOS_DEPLOYMENT_TARGET = 18.5;
				LOCALIZATION_PREFERS_STRING_CATALOGS = YES;
				MTL_ENABLE_DEBUG_INFO = NO;
				MTL_FAST_MATH = YES;
				SDKROOT = iphoneos;
				SWIFT_COMPILATION_MODE = wholemodule;
				VALIDATE_PRODUCT = YES;
			};
			name = Release;
		};
		4F4C18B02E6B3D160043DD49 /* Debug */ = {
			isa = XCBuildConfiguration;
			buildSettings = {
				API_BASE_URL = "https://api.mylooped.app";
				ASSETCATALOG_COMPILER_APPICON_NAME = AppIcon;
				ASSETCATALOG_COMPILER_GLOBAL_ACCENT_COLOR_NAME = AccentColor;
				CODE_SIGN_ENTITLEMENTS = "looped-iOS/looped-iOSDebug.entitlements";
				CODE_SIGN_STYLE = Automatic;
				CURRENT_PROJECT_VERSION = 1;
				DEVELOPMENT_TEAM = RAB89P8X48;
				ENABLE_PREVIEWS = YES;
				GENERATE_INFOPLIST_FILE = YES;
				INFOPLIST_FILE = "looped-iOS/Info.plist";
				INFOPLIST_KEY_CFBundleDisplayName = Looped;
				INFOPLIST_KEY_LSApplicationCategoryType = "public.app-category.social-networking";
				INFOPLIST_KEY_UIApplicationSceneManifest_Generation = YES;
				INFOPLIST_KEY_UIApplicationSupportsIndirectInputEvents = YES;
				INFOPLIST_KEY_UISupportedInterfaceOrientations_iPad = "UIInterfaceOrientationPortrait UIInterfaceOrientationPortraitUpsideDown UIInterfaceOrientationLandscapeLeft UIInterfaceOrientationLandscapeRight";
				INFOPLIST_KEY_UISupportedInterfaceOrientations_iPhone = "UIInterfaceOrientationPortrait UIInterfaceOrientationLandscapeLeft UIInterfaceOrientationLandscapeRight";
				LD_RUNPATH_SEARCH_PATHS = (
					"$(inherited)",
					"@executable_path/Frameworks",
				);
				MARKETING_VERSION = 1.0;
				PRODUCT_BUNDLE_IDENTIFIER = com.mylooped.looped;
				PRODUCT_NAME = "$(TARGET_NAME)";
				SWIFT_EMIT_LOC_STRINGS = YES;
				SWIFT_VERSION = 5.0;
				TARGETED_DEVICE_FAMILY = "1,2";
			};
			name = Debug;
		};
		4F4C18B12E6B3D160043DD49 /* Release */ = {
			isa = XCBuildConfiguration;
			buildSettings = {
				API_BASE_URL = "https://api.mylooped.app";
				ASSETCATALOG_COMPILER_APPICON_NAME = AppIcon;
				ASSETCATALOG_COMPILER_GLOBAL_ACCENT_COLOR_NAME = AccentColor;
				CODE_SIGN_ENTITLEMENTS = "looped-iOS/looped-iOS.entitlements";
				CODE_SIGN_STYLE = Automatic;
				CURRENT_PROJECT_VERSION = 1;
				DEVELOPMENT_TEAM = RAB89P8X48;
				ENABLE_PREVIEWS = YES;
				GENERATE_INFOPLIST_FILE = YES;
				INFOPLIST_FILE = "looped-iOS/Info.plist";
				INFOPLIST_KEY_CFBundleDisplayName = Looped;
				INFOPLIST_KEY_LSApplicationCategoryType = "public.app-category.social-networking";
				INFOPLIST_KEY_UIApplicationSceneManifest_Generation = YES;
				INFOPLIST_KEY_UIApplicationSupportsIndirectInputEvents = YES;
				INFOPLIST_KEY_UISupportedInterfaceOrientations_iPad = "UIInterfaceOrientationPortrait UIInterfaceOrientationPortraitUpsideDown UIInterfaceOrientationLandscapeLeft UIInterfaceOrientationLandscapeRight";
				INFOPLIST_KEY_UISupportedInterfaceOrientations_iPhone = "UIInterfaceOrientationPortrait UIInterfaceOrientationLandscapeLeft UIInterfaceOrientationLandscapeRight";
				LD_RUNPATH_SEARCH_PATHS = (
					"$(inherited)",
					"@executable_path/Frameworks",
				);
				MARKETING_VERSION = 1.0;
				PRODUCT_BUNDLE_IDENTIFIER = com.mylooped.looped;
				PRODUCT_NAME = "$(TARGET_NAME)";
				SWIFT_EMIT_LOC_STRINGS = YES;
				SWIFT_VERSION = 5.0;
				TARGETED_DEVICE_FAMILY = "1,2";
			};
			name = Release;
		};
		4F4C18B32E6B3D160043DD49 /* Debug */ = {
			isa = XCBuildConfiguration;
			buildSettings = {
				BUNDLE_LOADER = "$(TEST_HOST)";
				CODE_SIGN_STYLE = Automatic;
				CURRENT_PROJECT_VERSION = 1;
				GENERATE_INFOPLIST_FILE = YES;
				IPHONEOS_DEPLOYMENT_TARGET = 18.5;
				MARKETING_VERSION = 1.0;
				PRODUCT_BUNDLE_IDENTIFIER = "looped.looped-iOSTests";
				PRODUCT_NAME = "$(TARGET_NAME)";
				SWIFT_EMIT_LOC_STRINGS = NO;
				SWIFT_VERSION = 5.0;
				TARGETED_DEVICE_FAMILY = "1,2";
				TEST_HOST = "$(BUILT_PRODUCTS_DIR)/looped-iOS.app/$(BUNDLE_EXECUTABLE_FOLDER_PATH)/looped-iOS";
			};
			name = Debug;
		};
		4F4C18B42E6B3D160043DD49 /* Release */ = {
			isa = XCBuildConfiguration;
			buildSettings = {
				BUNDLE_LOADER = "$(TEST_HOST)";
				CODE_SIGN_STYLE = Automatic;
				CURRENT_PROJECT_VERSION = 1;
				GENERATE_INFOPLIST_FILE = YES;
				IPHONEOS_DEPLOYMENT_TARGET = 18.5;
				MARKETING_VERSION = 1.0;
				PRODUCT_BUNDLE_IDENTIFIER = "looped.looped-iOSTests";
				PRODUCT_NAME = "$(TARGET_NAME)";
				SWIFT_EMIT_LOC_STRINGS = NO;
				SWIFT_VERSION = 5.0;
				TARGETED_DEVICE_FAMILY = "1,2";
				TEST_HOST = "$(BUILT_PRODUCTS_DIR)/looped-iOS.app/$(BUNDLE_EXECUTABLE_FOLDER_PATH)/looped-iOS";
			};
			name = Release;
		};
		4F4C18B62E6B3D160043DD49 /* Debug */ = {
			isa = XCBuildConfiguration;
			buildSettings = {
				CODE_SIGN_STYLE = Automatic;
				CURRENT_PROJECT_VERSION = 1;
				GENERATE_INFOPLIST_FILE = YES;
				MARKETING_VERSION = 1.0;
				PRODUCT_BUNDLE_IDENTIFIER = "looped.looped-iOSUITests";
				PRODUCT_NAME = "$(TARGET_NAME)";
				SWIFT_EMIT_LOC_STRINGS = NO;
				SWIFT_VERSION = 5.0;
				TARGETED_DEVICE_FAMILY = "1,2";
				TEST_TARGET_NAME = "looped-iOS";
			};
			name = Debug;
		};
		4F4C18B72E6B3D160043DD49 /* Release */ = {
			isa = XCBuildConfiguration;
			buildSettings = {
				CODE_SIGN_STYLE = Automatic;
				CURRENT_PROJECT_VERSION = 1;
				GENERATE_INFOPLIST_FILE = YES;
				MARKETING_VERSION = 1.0;
				PRODUCT_BUNDLE_IDENTIFIER = "looped.looped-iOSUITests";
				PRODUCT_NAME = "$(TARGET_NAME)";
				SWIFT_EMIT_LOC_STRINGS = NO;
				SWIFT_VERSION = 5.0;
				TARGETED_DEVICE_FAMILY = "1,2";
				TEST_TARGET_NAME = "looped-iOS";
			};
			name = Release;
		};
		4F5204992F23EA2400762196 /* Debug */ = {
			isa = XCBuildConfiguration;
			buildSettings = {
				API_BASE_URL = "https://api-staging.mylooped.app";
				ASSETCATALOG_COMPILER_APPICON_NAME = AppIcon;
				ASSETCATALOG_COMPILER_GLOBAL_ACCENT_COLOR_NAME = AccentColor;
				CODE_SIGN_ENTITLEMENTS = "looped-iOS/Staging/looped-iOS Staging.entitlements";
				CODE_SIGN_STYLE = Automatic;
				CURRENT_PROJECT_VERSION = 1;
				DEVELOPMENT_TEAM = RAB89P8X48;
				ENABLE_PREVIEWS = YES;
				GENERATE_INFOPLIST_FILE = YES;
				INFOPLIST_FILE = "looped-iOS/Info.plist";
				INFOPLIST_KEY_CFBundleDisplayName = "Looped Staging";
				INFOPLIST_KEY_LSApplicationCategoryType = "public.app-category.social-networking";
				INFOPLIST_KEY_NSCameraUsageDescription = "We need camera access to capture your verification selfie and ID.";
				INFOPLIST_KEY_UIApplicationSceneManifest_Generation = YES;
				INFOPLIST_KEY_UIApplicationSupportsIndirectInputEvents = YES;
				INFOPLIST_KEY_UISupportedInterfaceOrientations_iPad = "UIInterfaceOrientationPortrait UIInterfaceOrientationPortraitUpsideDown UIInterfaceOrientationLandscapeLeft UIInterfaceOrientationLandscapeRight";
				INFOPLIST_KEY_UISupportedInterfaceOrientations_iPhone = "UIInterfaceOrientationPortrait UIInterfaceOrientationLandscapeLeft UIInterfaceOrientationLandscapeRight";
				LD_RUNPATH_SEARCH_PATHS = (
					"$(inherited)",
					"@executable_path/Frameworks",
				);
				MARKETING_VERSION = 1.0;
				PRODUCT_BUNDLE_IDENTIFIER = com.mylooped.looped.staging;
				PRODUCT_NAME = "$(TARGET_NAME)";
				SWIFT_EMIT_LOC_STRINGS = YES;
				SWIFT_VERSION = 5.0;
				TARGETED_DEVICE_FAMILY = "1,2";
			};
			name = Debug;
		};
		4F52049A2F23EA2400762196 /* Release */ = {
			isa = XCBuildConfiguration;
			buildSettings = {
				API_BASE_URL = "https://api-staging.mylooped.app";
				ASSETCATALOG_COMPILER_APPICON_NAME = AppIcon;
				ASSETCATALOG_COMPILER_GLOBAL_ACCENT_COLOR_NAME = AccentColor;
				CODE_SIGN_ENTITLEMENTS = "looped-iOS/Staging/looped-iOS Staging.entitlements";
				CODE_SIGN_STYLE = Automatic;
				CURRENT_PROJECT_VERSION = 1;
				DEVELOPMENT_TEAM = RAB89P8X48;
				ENABLE_PREVIEWS = YES;
				GENERATE_INFOPLIST_FILE = YES;
				INFOPLIST_FILE = "looped-iOS/Info.plist";
				INFOPLIST_KEY_CFBundleDisplayName = "Looped Staging";
				INFOPLIST_KEY_LSApplicationCategoryType = "public.app-category.social-networking";
				INFOPLIST_KEY_NSCameraUsageDescription = "We need camera access to capture your verification selfie and ID.";
				INFOPLIST_KEY_UIApplicationSceneManifest_Generation = YES;
				INFOPLIST_KEY_UIApplicationSupportsIndirectInputEvents = YES;
				INFOPLIST_KEY_UISupportedInterfaceOrientations_iPad = "UIInterfaceOrientationPortrait UIInterfaceOrientationPortraitUpsideDown UIInterfaceOrientationLandscapeLeft UIInterfaceOrientationLandscapeRight";
				INFOPLIST_KEY_UISupportedInterfaceOrientations_iPhone = "UIInterfaceOrientationPortrait UIInterfaceOrientationLandscapeLeft UIInterfaceOrientationLandscapeRight";
				LD_RUNPATH_SEARCH_PATHS = (
					"$(inherited)",
					"@executable_path/Frameworks",
				);
				MARKETING_VERSION = 1.0;
				PRODUCT_BUNDLE_IDENTIFIER = com.mylooped.looped.staging;
				PRODUCT_NAME = "$(TARGET_NAME)";
				SWIFT_EMIT_LOC_STRINGS = YES;
				SWIFT_VERSION = 5.0;
				TARGETED_DEVICE_FAMILY = "1,2";
			};
			name = Release;
		};
/* End XCBuildConfiguration section */

/* Begin XCConfigurationList section */
		4F4C18892E6B3D150043DD49 /* Build configuration list for PBXProject "looped-iOS" */ = {
			isa = XCConfigurationList;
			buildConfigurations = (
				4F4C18AD2E6B3D160043DD49 /* Debug */,
				4F4C18AE2E6B3D160043DD49 /* Release */,
			);
			defaultConfigurationIsVisible = 0;
			defaultConfigurationName = Release;
		};
		4F4C18AF2E6B3D160043DD49 /* Build configuration list for PBXNativeTarget "looped-iOS" */ = {
			isa = XCConfigurationList;
			buildConfigurations = (
				4F4C18B02E6B3D160043DD49 /* Debug */,
				4F4C18B12E6B3D160043DD49 /* Release */,
			);
			defaultConfigurationIsVisible = 0;
			defaultConfigurationName = Release;
		};
		4F4C18B22E6B3D160043DD49 /* Build configuration list for PBXNativeTarget "looped-iOSTests" */ = {
			isa = XCConfigurationList;
			buildConfigurations = (
				4F4C18B32E6B3D160043DD49 /* Debug */,
				4F4C18B42E6B3D160043DD49 /* Release */,
			);
			defaultConfigurationIsVisible = 0;
			defaultConfigurationName = Release;
		};
		4F4C18B52E6B3D160043DD49 /* Build configuration list for PBXNativeTarget "looped-iOSUITests" */ = {
			isa = XCConfigurationList;
			buildConfigurations = (
				4F4C18B62E6B3D160043DD49 /* Debug */,
				4F4C18B72E6B3D160043DD49 /* Release */,
			);
			defaultConfigurationIsVisible = 0;
			defaultConfigurationName = Release;
		};
		4F5204982F23EA2400762196 /* Build configuration list for PBXNativeTarget "looped-iOS Staging" */ = {
			isa = XCConfigurationList;
			buildConfigurations = (
				4F5204992F23EA2400762196 /* Debug */,
				4F52049A2F23EA2400762196 /* Release */,
			);
			defaultConfigurationIsVisible = 0;
			defaultConfigurationName = Release;
		};
/* End XCConfigurationList section */

/* Begin XCRemoteSwiftPackageReference section */
		4F0E15DB2EF8650300A2341F /* XCRemoteSwiftPackageReference "BigInt" */ = {
			isa = XCRemoteSwiftPackageReference;
			repositoryURL = "https://github.com/attaswift/BigInt.git";
			requirement = {
				kind = upToNextMajorVersion;
				minimumVersion = 5.1.0;
			};
		};
		4F0E15E62EF86C8F00A2341F /* XCRemoteSwiftPackageReference "swift-sodium" */ = {
			isa = XCRemoteSwiftPackageReference;
			repositoryURL = "https://github.com/jedisct1/swift-sodium.git";
			requirement = {
				kind = upToNextMajorVersion;
				minimumVersion = 0.9.1;
			};
		};
		4F5204842F23EA2400762196 /* XCRemoteSwiftPackageReference "firebase-ios-sdk" */ = {
			isa = XCRemoteSwiftPackageReference;
			repositoryURL = "https://github.com/firebase/firebase-ios-sdk";
			requirement = {
				kind = upToNextMajorVersion;
				minimumVersion = 12.5.0;
			};
		};
		4F5204872F23EA2400762196 /* XCRemoteSwiftPackageReference "GoogleSignIn-iOS" */ = {
			isa = XCRemoteSwiftPackageReference;
			repositoryURL = "https://github.com/google/GoogleSignIn-iOS";
			requirement = {
				kind = upToNextMajorVersion;
				minimumVersion = 9.0.0;
			};
		};
		4F52048A2F23EA2400762196 /* XCRemoteSwiftPackageReference "BigInt" */ = {
			isa = XCRemoteSwiftPackageReference;
			repositoryURL = "https://github.com/attaswift/BigInt.git";
			requirement = {
				kind = upToNextMajorVersion;
				minimumVersion = 5.1.0;
			};
		};
		4F52048C2F23EA2400762196 /* XCRemoteSwiftPackageReference "swift-sodium" */ = {
			isa = XCRemoteSwiftPackageReference;
			repositoryURL = "https://github.com/jedisct1/swift-sodium.git";
			requirement = {
				kind = upToNextMajorVersion;
				minimumVersion = 0.9.1;
			};
		};
		4F898BA22EC517C50025BA27 /* XCRemoteSwiftPackageReference "GoogleSignIn-iOS" */ = {
			isa = XCRemoteSwiftPackageReference;
			repositoryURL = "https://github.com/google/GoogleSignIn-iOS";
			requirement = {
				kind = upToNextMajorVersion;
				minimumVersion = 9.0.0;
			};
		};
		4FC0E56E2EB828810057CEA6 /* XCRemoteSwiftPackageReference "firebase-ios-sdk" */ = {
			isa = XCRemoteSwiftPackageReference;
			repositoryURL = "https://github.com/firebase/firebase-ios-sdk";
			requirement = {
				kind = upToNextMajorVersion;
				minimumVersion = 12.5.0;
			};
		};
/* End XCRemoteSwiftPackageReference section */

/* Begin XCSwiftPackageProductDependency section */
		4F0E15DC2EF865B500A2341F /* BigInt */ = {
			isa = XCSwiftPackageProductDependency;
			package = 4F0E15DB2EF8650300A2341F /* XCRemoteSwiftPackageReference "BigInt" */;
			productName = BigInt;
		};
		4F0E15E72EF86D1B00A2341F /* Clibsodium */ = {
			isa = XCSwiftPackageProductDependency;
			package = 4F0E15E62EF86C8F00A2341F /* XCRemoteSwiftPackageReference "swift-sodium" */;
			productName = Clibsodium;
		};
		4F0E15E92EF86D1B00A2341F /* Sodium */ = {
			isa = XCSwiftPackageProductDependency;
			package = 4F0E15E62EF86C8F00A2341F /* XCRemoteSwiftPackageReference "swift-sodium" */;
			productName = Sodium;
		};
		4F5204832F23EA2400762196 /* FirebaseCore */ = {
			isa = XCSwiftPackageProductDependency;
			package = 4F5204842F23EA2400762196 /* XCRemoteSwiftPackageReference "firebase-ios-sdk" */;
			productName = FirebaseCore;
		};
		4F5204852F23EA2400762196 /* FirebaseAuth */ = {
			isa = XCSwiftPackageProductDependency;
			package = 4F5204842F23EA2400762196 /* XCRemoteSwiftPackageReference "firebase-ios-sdk" */;
			productName = FirebaseAuth;
		};
		4F5204862F23EA2400762196 /* GoogleSignIn */ = {
			isa = XCSwiftPackageProductDependency;
			package = 4F5204872F23EA2400762196 /* XCRemoteSwiftPackageReference "GoogleSignIn-iOS" */;
			productName = GoogleSignIn;
		};
		4F5204882F23EA2400762196 /* GoogleSignInSwift */ = {
			isa = XCSwiftPackageProductDependency;
			package = 4F5204872F23EA2400762196 /* XCRemoteSwiftPackageReference "GoogleSignIn-iOS" */;
			productName = GoogleSignInSwift;
		};
		4F5204892F23EA2400762196 /* BigInt */ = {
			isa = XCSwiftPackageProductDependency;
			package = 4F52048A2F23EA2400762196 /* XCRemoteSwiftPackageReference "BigInt" */;
			productName = BigInt;
		};
		4F52048B2F23EA2400762196 /* Clibsodium */ = {
			isa = XCSwiftPackageProductDependency;
			package = 4F52048C2F23EA2400762196 /* XCRemoteSwiftPackageReference "swift-sodium" */;
			productName = Clibsodium;
		};
		4F52048D2F23EA2400762196 /* Sodium */ = {
			isa = XCSwiftPackageProductDependency;
			package = 4F52048C2F23EA2400762196 /* XCRemoteSwiftPackageReference "swift-sodium" */;
			productName = Sodium;
		};
		4F898B9C2EC4F9510025BA27 /* FirebaseCore */ = {
			isa = XCSwiftPackageProductDependency;
			package = 4FC0E56E2EB828810057CEA6 /* XCRemoteSwiftPackageReference "firebase-ios-sdk" */;
			productName = FirebaseCore;
		};
		4F898B9E2EC4F9600025BA27 /* FirebaseAuth */ = {
			isa = XCSwiftPackageProductDependency;
			package = 4FC0E56E2EB828810057CEA6 /* XCRemoteSwiftPackageReference "firebase-ios-sdk" */;
			productName = FirebaseAuth;
		};
		4F898BA32EC517F10025BA27 /* GoogleSignIn */ = {
			isa = XCSwiftPackageProductDependency;
			package = 4F898BA22EC517C50025BA27 /* XCRemoteSwiftPackageReference "GoogleSignIn-iOS" */;
			productName = GoogleSignIn;
		};
		4F898BA52EC517F80025BA27 /* GoogleSignInSwift */ = {
			isa = XCSwiftPackageProductDependency;
			package = 4F898BA22EC517C50025BA27 /* XCRemoteSwiftPackageReference "GoogleSignIn-iOS" */;
			productName = GoogleSignInSwift;
		};
/* End XCSwiftPackageProductDependency section */
	};
	rootObject = 4F4C18862E6B3D150043DD49 /* Project object */;
}
